
Microsoft Visual Studio Solution File, Format Version 12.00
# Visual Studio 14
VisualStudioVersion = 14.0.25420.1
MinimumVisualStudioVersion = 10.0.40219.1
Project("{FAE04EC0-301F-11D3-BF4B-00C04F79EFBC}") = "assignment1-web", "assignment1-web\assignment1-web.csproj", "{F82E2411-C9EF-4BAF-BC48-39BBBF361397}"
EndProject
Global
	GlobalSection(SolutionConfigurationPlatforms) = preSolution
		Debug|Any CPU = Debug|Any CPU
		Release|Any CPU = Release|Any CPU
	EndGlobalSection
	GlobalSection(ProjectConfigurationPlatforms) = postSolution
		{F82E2411-C9EF-4BAF-BC48-39BBBF361397}.Debug|Any CPU.ActiveCfg = Debug|Any CPU
		{F82E2411-C9EF-4BAF-BC48-39BBBF361397}.Debug|Any CPU.Build.0 = Debug|Any CPU
		{F82E2411-C9EF-4BAF-BC48-39BBBF361397}.Release|Any CPU.ActiveCfg = Release|Any CPU
		{F82E2411-C9EF-4BAF-BC48-39BBBF361397}.Release|Any CPU.Build.0 = Release|Any CPU
	EndGlobalSection
	GlobalSection(SolutionProperties) = preSolution
		HideSolutionNode = FALSE
	EndGlobalSection
EndGlobal
